
Microsoft Visual Studio Solution File, Format Version 12.00
# Visual Studio 14
VisualStudioVersion = 14.0.25420.1
MinimumVisualStudioVersion = 10.0.40219.1
Project("{E24C65DC-7377-472B-9ABA-BC803B73C61A}") = "Lab 6", "Lab 6\", "{87F25C1B-0F64-487B-AEA4-E5428F9F75D8}"
	ProjectSection(WebsiteProperties) = preProject
		TargetFrameworkMoniker = ".NETFramework,Version%3Dv4.5.2"
		Debug.AspNetCompiler.VirtualPath = "/localhost_21512"
		Debug.AspNetCompiler.PhysicalPath = "Lab 6\"
		Debug.AspNetCompiler.TargetPath = "PrecompiledWeb\localhost_21512\"
		Debug.AspNetCompiler.Updateable = "true"
		Debug.AspNetCompiler.ForceOverwrite = "true"
		Debug.AspNetCompiler.FixedNames = "false"
		Debug.AspNetCompiler.Debug = "True"
		Release.AspNetCompiler.VirtualPath = "/localhost_21512"
		Release.AspNetCompiler.PhysicalPath = "Lab 6\"
		Release.AspNetCompiler.TargetPath = "PrecompiledWeb\localhost_21512\"
		Release.AspNetCompiler.Updateable = "true"
		Release.AspNetCompiler.ForceOverwrite = "true"
		Release.AspNetCompiler.FixedNames = "false"
		Release.AspNetCompiler.Debug = "False"
		VWDPort = "21512"
		SlnRelativePath = "Lab 6\"
	EndProjectSection
EndProject
Global
	GlobalSection(SolutionConfigurationPlatforms) = preSolution
		Debug|Any CPU = Debug|Any CPU
	EndGlobalSection
	GlobalSection(ProjectConfigurationPlatforms) = postSolution
		{87F25C1B-0F64-487B-AEA4-E5428F9F75D8}.Debug|Any CPU.ActiveCfg = Debug|Any CPU
		{87F25C1B-0F64-487B-AEA4-E5428F9F75D8}.Debug|Any CPU.Build.0 = Debug|Any CPU
	EndGlobalSection
	GlobalSection(SolutionProperties) = preSolution
		HideSolutionNode = FALSE
	EndGlobalSection
EndGlobal
